
Microsoft Visual Studio Solution File, Format Version 12.00
# Visual Studio Version 16
VisualStudioVersion = 16.0.32630.194
MinimumVisualStudioVersion = 10.0.40219.1
Project("{9A19103F-16F7-4668-BE54-9A1E7A4F7556}") = "GeometryLib", "GeometryLib\GeometryLib.csproj", "{7E7D9B2F-3299-41ED-9410-24CF7ABB35A3}"
EndProject
Project("{FAE04EC0-301F-11D3-BF4B-00C04F79EFBC}") = "UnitTests", "UnitTests\UnitTests.csproj", "{71FE7F98-4999-4453-A366-37B16987F70A}"
EndProject
Global
	GlobalSection(SolutionConfigurationPlatforms) = preSolution
		Debug|Any CPU = Debug|Any CPU
		Release|Any CPU = Release|Any CPU
	EndGlobalSection
	GlobalSection(ProjectConfigurationPlatforms) = postSolution
		{7E7D9B2F-3299-41ED-9410-24CF7ABB35A3}.Debug|Any CPU.ActiveCfg = Debug|Any CPU
		{7E7D9B2F-3299-41ED-9410-24CF7ABB35A3}.Debug|Any CPU.Build.0 = Debug|Any CPU
		{7E7D9B2F-3299-41ED-9410-24CF7ABB35A3}.Release|Any CPU.ActiveCfg = Release|Any CPU
		{7E7D9B2F-3299-41ED-9410-24CF7ABB35A3}.Release|Any CPU.Build.0 = Release|Any CPU
		{71FE7F98-4999-4453-A366-37B16987F70A}.Debug|Any CPU.ActiveCfg = Debug|Any CPU
		{71FE7F98-4999-4453-A366-37B16987F70A}.Debug|Any CPU.Build.0 = Debug|Any CPU
		{71FE7F98-4999-4453-A366-37B16987F70A}.Release|Any CPU.ActiveCfg = Release|Any CPU
		{71FE7F98-4999-4453-A366-37B16987F70A}.Release|Any CPU.Build.0 = Release|Any CPU
	EndGlobalSection
	GlobalSection(SolutionProperties) = preSolution
		HideSolutionNode = FALSE
	EndGlobalSection
	GlobalSection(ExtensibilityGlobals) = postSolution
		SolutionGuid = {E7F7C4C4-7560-48BF-8D28-4B8CFB227D51}
	EndGlobalSection
EndGlobal
